
Microsoft Visual Studio Solution File, Format Version 12.00
# Visual Studio Version 17
VisualStudioVersion = 17.7.34031.279
MinimumVisualStudioVersion = 10.0.40219.1
Project("{9A19103F-16F7-4668-BE54-9A1E7A4F7556}") = "Social.NetWork", "OBp2\Social.NetWork.csproj", "{0D641767-6750-4411-B441-ED9E31C64A5B}"
EndProject
Global
	GlobalSection(SolutionConfigurationPlatforms) = preSolution
		Debug|Any CPU = Debug|Any CPU
		Release|Any CPU = Release|Any CPU
	EndGlobalSection
	GlobalSection(ProjectConfigurationPlatforms) = postSolution
		{0D641767-6750-4411-B441-ED9E31C64A5B}.Debug|Any CPU.ActiveCfg = Debug|Any CPU
		{0D641767-6750-4411-B441-ED9E31C64A5B}.Debug|Any CPU.Build.0 = Debug|Any CPU
		{0D641767-6750-4411-B441-ED9E31C64A5B}.Release|Any CPU.ActiveCfg = Release|Any CPU
		{0D641767-6750-4411-B441-ED9E31C64A5B}.Release|Any CPU.Build.0 = Release|Any CPU
	EndGlobalSection
	GlobalSection(SolutionProperties) = preSolution
		HideSolutionNode = FALSE
	EndGlobalSection
	GlobalSection(ExtensibilityGlobals) = postSolution
		SolutionGuid = {815307AB-1C2E-44EE-BC6A-46EC4632EE86}
	EndGlobalSection
EndGlobal
